
Microsoft Visual Studio Solution File, Format Version 12.00
# Visual Studio 15
VisualStudioVersion = 15.0.28307.757
MinimumVisualStudioVersion = 10.0.40219.1
Project("{FAE04EC0-301F-11D3-BF4B-00C04F79EFBC}") = "api", "api\api.csproj", "{23C3D1CD-AA5C-469D-BEA5-E4D3C0125747}"
EndProject
Global
	GlobalSection(SolutionConfigurationPlatforms) = preSolution
		Debug|Any CPU = Debug|Any CPU
		Release|Any CPU = Release|Any CPU
	EndGlobalSection
	GlobalSection(ProjectConfigurationPlatforms) = postSolution
		{23C3D1CD-AA5C-469D-BEA5-E4D3C0125747}.Debug|Any CPU.ActiveCfg = Debug|Any CPU
		{23C3D1CD-AA5C-469D-BEA5-E4D3C0125747}.Debug|Any CPU.Build.0 = Debug|Any CPU
		{23C3D1CD-AA5C-469D-BEA5-E4D3C0125747}.Release|Any CPU.ActiveCfg = Release|Any CPU
		{23C3D1CD-AA5C-469D-BEA5-E4D3C0125747}.Release|Any CPU.Build.0 = Release|Any CPU
	EndGlobalSection
	GlobalSection(SolutionProperties) = preSolution
		HideSolutionNode = FALSE
	EndGlobalSection
	GlobalSection(ExtensibilityGlobals) = postSolution
		SolutionGuid = {CCC74DF8-C690-4CC0-921A-6A315A1D1C7A}
	EndGlobalSection
EndGlobal
